
Microsoft Visual Studio Solution File, Format Version 12.00
# Visual Studio Version 16
VisualStudioVersion = 16.0.31205.134
MinimumVisualStudioVersion = 10.0.40219.1
Project("{FAE04EC0-301F-11D3-BF4B-00C04F79EFBC}") = "database_achme", "database_achme\database_achme.csproj", "{01ED9606-9474-478A-92EE-EB598D41597E}"
EndProject
Global
	GlobalSection(SolutionConfigurationPlatforms) = preSolution
		Debug|Any CPU = Debug|Any CPU
		Release|Any CPU = Release|Any CPU
	EndGlobalSection
	GlobalSection(ProjectConfigurationPlatforms) = postSolution
		{01ED9606-9474-478A-92EE-EB598D41597E}.Debug|Any CPU.ActiveCfg = Debug|Any CPU
		{01ED9606-9474-478A-92EE-EB598D41597E}.Debug|Any CPU.Build.0 = Debug|Any CPU
		{01ED9606-9474-478A-92EE-EB598D41597E}.Release|Any CPU.ActiveCfg = Release|Any CPU
		{01ED9606-9474-478A-92EE-EB598D41597E}.Release|Any CPU.Build.0 = Release|Any CPU
	EndGlobalSection
	GlobalSection(SolutionProperties) = preSolution
		HideSolutionNode = FALSE
	EndGlobalSection
	GlobalSection(ExtensibilityGlobals) = postSolution
		SolutionGuid = {8C80B41E-E537-4A99-9876-C0CD444BE48F}
	EndGlobalSection
EndGlobal
